# THIS IS AN AUTOGENERATED FILE. DO NOT EDIT THIS FILE DIRECTLY.
# yarn lockfile v1


chokidar@~0.6.2:
  version "0.6.3"
  resolved "https://registry.yarnpkg.com/chokidar/-/chokidar-0.6.3.tgz#e85968fa235f21773d388c617af085bf2104425a"
  integrity sha1-6Flo+iNfIXc9OIxhevCFvyEEQlo=

colors@0.6.0-1:
  version "0.6.0-1"
  resolved "https://registry.yarnpkg.com/colors/-/colors-0.6.0-1.tgz#6dbb68ceb8bc60f2b313dcc5ce1599f06d19e67a"
  integrity sha1-bbtozri8YPKzE9zFzhWZ8G0Z5no=

mkdirp@0.3.x:
  version "0.3.5"
  resolved "https://registry.yarnpkg.com/mkdirp/-/mkdirp-0.3.5.tgz#de3e5f8961c88c787ee1368df849ac4413eca8d7"
  integrity sha1-3j5fiWHIjHh+4TaN+EmsRBPsqNc=

node-sass@~0.5.2:
  version "0.5.4"
  resolved "https://registry.yarnpkg.com/node-sass/-/node-sass-0.5.4.tgz#2521d84f9a4a9af8e6f9e129aaec6f3acfae33c1"
  integrity sha1-JSHYT5pKmvjm+eEpquxvOs+uM8E=
  dependencies:
    colors "0.6.0-1"
    mkdirp "0.3.x"
    optimist "0.4.x"

ometa@0.2.2:
  version "0.2.2"
  resolved "https://registry.yarnpkg.com/ometa/-/ometa-0.2.2.tgz#f53c4735ba6d56af5a46b04dfb7c4334c596d44e"
  integrity sha1-9TxHNbptVq9aRrBN+3xDNMWW1E4=

optimist@0.4.x:
  version "0.4.0"
  resolved "https://registry.yarnpkg.com/optimist/-/optimist-0.4.0.tgz#cb8ec37f2fe3aa9864cb67a275250e7e19620a25"
  integrity sha1-y47Dfy/jqphky2eidSUOfhliCiU=
  dependencies:
    wordwrap "~0.0.2"

sass-watch@^0.1.0:
  version "0.1.0"
  resolved "https://registry.yarnpkg.com/sass-watch/-/sass-watch-0.1.0.tgz#28c4a3b309e7671083fa53c4e1fe59c7370776b3"
  integrity sha1-KMSjswnnZxCD+lPE4f5ZxzcHdrM=
  dependencies:
    chokidar "~0.6.2"
    node-sass "~0.5.2"

scss@^0.2.4:
  version "0.2.4"
  resolved "https://registry.yarnpkg.com/scss/-/scss-0.2.4.tgz#040d903ed37c5d4fa4ad33ae1fd389ac12a4e065"
  integrity sha1-BA2QPtN8XU+krTOuH9OJrBKk4GU=
  dependencies:
    ometa "0.2.2"

wordwrap@~0.0.2:
  version "0.0.3"
  resolved "https://registry.yarnpkg.com/wordwrap/-/wordwrap-0.0.3.tgz#a3d5da6cd5c0bc0008d37234bbaf1bed63059107"
  integrity sha1-o9XabNXAvAAI03I0u68b7WMFkQc=
